// !$*UTF8*$!
{
	archiveVersion = 1;
	classes = {
	};
	objectVersion = 46;
	objects = {

/* Begin PBXBuildFile section */
		5D17C5791F4C580900E66F59 /* item.swift in Sources */ = {isa = PBXBuildFile; fileRef = 5D17C5781F4C580900E66F59 /* item.swift */; };
		5D671D201F539D5400B363F1 /* SecondVC.swift in Sources */ = {isa = PBXBuildFile; fileRef = 5D671D1F1F539D5400B363F1 /* SecondVC.swift */; };
		5DE008081F4B1CE300A6E109 /* AppDelegate.swift in Sources */ = {isa = PBXBuildFile; fileRef = 5DE008071F4B1CE300A6E109 /* AppDelegate.swift */; };
		5DE0080A1F4B1CE300A6E109 /* MainVC.swift in Sources */ = {isa = PBXBuildFile; fileRef = 5DE008091F4B1CE300A6E109 /* MainVC.swift */; };
		5DE0080D1F4B1CE300A6E109 /* Main.storyboard in Resources */ = {isa = PBXBuildFile; fileRef = 5DE0080B1F4B1CE300A6E109 /* Main.storyboard */; };
		5DE008101F4B1CE300A6E109 /* ThingsToGet.xcdatamodeld in Sources */ = {isa = PBXBuildFile; fileRef = 5DE0080E1F4B1CE300A6E109 /* ThingsToGet.xcdatamodeld */; };
		5DE008121F4B1CE300A6E109 /* Assets.xcassets in Resources */ = {isa = PBXBuildFile; fileRef = 5DE008111F4B1CE300A6E109 /* Assets.xcassets */; };
		5DE008151F4B1CE300A6E109 /* LaunchScreen.storyboard in Resources */ = {isa = PBXBuildFile; fileRef = 5DE008131F4B1CE300A6E109 /* LaunchScreen.storyboard */; };
		5DEC6BDD1F566A980062A462 /* ThirdVC.swift in Sources */ = {isa = PBXBuildFile; fileRef = 5DEC6BDC1F566A980062A462 /* ThirdVC.swift */; };
		5DEC6BDF1F566C480062A462 /* listItemViewCell.swift in Sources */ = {isa = PBXBuildFile; fileRef = 5DEC6BDE1F566C480062A462 /* listItemViewCell.swift */; };
		5DF5CD8C1F5350E7008C9B3F /* itemViewCell.swift in Sources */ = {isa = PBXBuildFile; fileRef = 5DF5CD8B1F5350E7008C9B3F /* itemViewCell.swift */; };
/* End PBXBuildFile section */

/* Begin PBXFileReference section */
		5D17C5781F4C580900E66F59 /* item.swift */ = {isa = PBXFileReference; fileEncoding = 4; lastKnownFileType = sourcecode.swift; path = item.swift; sourceTree = "<group>"; };
		5D671D1F1F539D5400B363F1 /* SecondVC.swift */ = {isa = PBXFileReference; lastKnownFileType = sourcecode.swift; path = SecondVC.swift; sourceTree = "<group>"; };
		5DE008041F4B1CE300A6E109 /* ThingsToGet.app */ = {isa = PBXFileReference; explicitFileType = wrapper.application; includeInIndex = 0; path = ThingsToGet.app; sourceTree = BUILT_PRODUCTS_DIR; };
		5DE008071F4B1CE300A6E109 /* AppDelegate.swift */ = {isa = PBXFileReference; lastKnownFileType = sourcecode.swift; path = AppDelegate.swift; sourceTree = "<group>"; };
		5DE008091F4B1CE300A6E109 /* MainVC.swift */ = {isa = PBXFileReference; lastKnownFileType = sourcecode.swift; path = MainVC.swift; sourceTree = "<group>"; };
		5DE0080C1F4B1CE300A6E109 /* Base */ = {isa = PBXFileReference; lastKnownFileType = file.storyboard; name = Base; path = Base.lproj/Main.storyboard; sourceTree = "<group>"; };
		5DE0080F1F4B1CE300A6E109 /* ThingsToGet.xcdatamodel */ = {isa = PBXFileReference; lastKnownFileType = wrapper.xcdatamodel; path = ThingsToGet.xcdatamodel; sourceTree = "<group>"; };
		5DE008111F4B1CE300A6E109 /* Assets.xcassets */ = {isa = PBXFileReference; lastKnownFileType = folder.assetcatalog; path = Assets.xcassets; sourceTree = "<group>"; };
		5DE008141F4B1CE300A6E109 /* Base */ = {isa = PBXFileReference; lastKnownFileType = file.storyboard; name = Base; path = Base.lproj/LaunchScreen.storyboard; sourceTree = "<group>"; };
		5DE008161F4B1CE300A6E109 /* Info.plist */ = {isa = PBXFileReference; lastKnownFileType = text.plist.xml; path = Info.plist; sourceTree = "<group>"; };
		5DEC6BDC1F566A980062A462 /* ThirdVC.swift */ = {isa = PBXFileReference; lastKnownFileType = sourcecode.swift; path = ThirdVC.swift; sourceTree = "<group>"; };
		5DEC6BDE1F566C480062A462 /* listItemViewCell.swift */ = {isa = PBXFileReference; lastKnownFileType = sourcecode.swift; path = listItemViewCell.swift; sourceTree = "<group>"; };
		5DF5CD8B1F5350E7008C9B3F /* itemViewCell.swift */ = {isa = PBXFileReference; lastKnownFileType = sourcecode.swift; path = itemViewCell.swift; sourceTree = "<group>"; };
/* End PBXFileReference section */

/* Begin PBXFrameworksBuildPhase section */
		5DE008011F4B1CE300A6E109 /* Frameworks */ = {
			isa = PBXFrameworksBuildPhase;
			buildActionMask = 2147483647;
			files = (
			);
			runOnlyForDeploymentPostprocessing = 0;
		};
/* End PBXFrameworksBuildPhase section */

/* Begin PBXGroup section */
		5D17C5751F4C57CC00E66F59 /* Model */ = {
			isa = PBXGroup;
			children = (
				5D17C5781F4C580900E66F59 /* item.swift */,
			);
			name = Model;
			sourceTree = "<group>";
		};
		5D17C5761F4C57D900E66F59 /* View */ = {
			isa = PBXGroup;
			children = (
				5DF5CD8B1F5350E7008C9B3F /* itemViewCell.swift */,
				5DEC6BDE1F566C480062A462 /* listItemViewCell.swift */,
			);
			name = View;
			sourceTree = "<group>";
		};
		5D17C5771F4C57DE00E66F59 /* Controller */ = {
			isa = PBXGroup;
			children = (
				5DE008091F4B1CE300A6E109 /* MainVC.swift */,
				5D671D1F1F539D5400B363F1 /* SecondVC.swift */,
				5DEC6BDC1F566A980062A462 /* ThirdVC.swift */,
			);
			name = Controller;
			sourceTree = "<group>";
		};
		5DE007FB1F4B1CE300A6E109 = {
			isa = PBXGroup;
			children = (
				5DE008061F4B1CE300A6E109 /* ThingsToGet */,
				5DE008051F4B1CE300A6E109 /* Products */,
			);
			sourceTree = "<group>";
		};
		5DE008051F4B1CE300A6E109 /* Products */ = {
			isa = PBXGroup;
			children = (
				5DE008041F4B1CE300A6E109 /* ThingsToGet.app */,
			);
			name = Products;
			sourceTree = "<group>";
		};
		5DE008061F4B1CE300A6E109 /* ThingsToGet */ = {
			isa = PBXGroup;
			children = (
				5D17C5771F4C57DE00E66F59 /* Controller */,
				5D17C5761F4C57D900E66F59 /* View */,
				5D17C5751F4C57CC00E66F59 /* Model */,
				5DE008071F4B1CE300A6E109 /* AppDelegate.swift */,
				5DE008131F4B1CE300A6E109 /* LaunchScreen.storyboard */,
				5DE0080B1F4B1CE300A6E109 /* Main.storyboard */,
				5DE008111F4B1CE300A6E109 /* Assets.xcassets */,
				5DE008161F4B1CE300A6E109 /* Info.plist */,
				5DE0080E1F4B1CE300A6E109 /* ThingsToGet.xcdatamodeld */,
			);
			path = ThingsToGet;
			sourceTree = "<group>";
		};
/* End PBXGroup section */

/* Begin PBXNativeTarget section */
		5DE008031F4B1CE300A6E109 /* ThingsToGet */ = {
			isa = PBXNativeTarget;
			buildConfigurationList = 5DE008191F4B1CE300A6E109 /* Build configuration list for PBXNativeTarget "ThingsToGet" */;
			buildPhases = (
				5DE008001F4B1CE300A6E109 /* Sources */,
				5DE008011F4B1CE300A6E109 /* Frameworks */,
				5DE008021F4B1CE300A6E109 /* Resources */,
			);
			buildRules = (
			);
			dependencies = (
			);
			name = ThingsToGet;
			productName = ThingsToGet;
			productReference = 5DE008041F4B1CE300A6E109 /* ThingsToGet.app */;
			productType = "com.apple.product-type.application";
		};
/* End PBXNativeTarget section */

/* Begin PBXProject section */
		5DE007FC1F4B1CE300A6E109 /* Project object */ = {
			isa = PBXProject;
			attributes = {
				LastSwiftUpdateCheck = 0830;
				LastUpgradeCheck = 0830;
				ORGANIZATIONNAME = "Ernest Delgado";
				TargetAttributes = {
					5DE008031F4B1CE300A6E109 = {
						CreatedOnToolsVersion = 8.3.3;
						DevelopmentTeam = C6REM348ZF;
						ProvisioningStyle = Automatic;
					};
				};
			};
			buildConfigurationList = 5DE007FF1F4B1CE300A6E109 /* Build configuration list for PBXProject "ThingsToGet" */;
			compatibilityVersion = "Xcode 3.2";
			developmentRegion = English;
			hasScannedForEncodings = 0;
			knownRegions = (
				en,
				Base,
			);
			mainGroup = 5DE007FB1F4B1CE300A6E109;
			productRefGroup = 5DE008051F4B1CE300A6E109 /* Products */;
			projectDirPath = "";
			projectRoot = "";
			targets = (
				5DE008031F4B1CE300A6E109 /* ThingsToGet */,
			);
		};
/* End PBXProject section */

/* Begin PBXResourcesBuildPhase section */
		5DE008021F4B1CE300A6E109 /* Resources */ = {
			isa = PBXResourcesBuildPhase;
			buildActionMask = 2147483647;
			files = (
				5DE008151F4B1CE300A6E109 /* LaunchScreen.storyboard in Resources */,
				5DE008121F4B1CE300A6E109 /* Assets.xcassets in Resources */,
				5DE0080D1F4B1CE300A6E109 /* Main.storyboard in Resources */,
			);
			runOnlyForDeploymentPostprocessing = 0;
		};
/* End PBXResourcesBuildPhase section */

/* Begin PBXSourcesBuildPhase section */
		5DE008001F4B1CE300A6E109 /* Sources */ = {
			isa = PBXSourcesBuildPhase;
			buildActionMask = 2147483647;
			files = (
				5DF5CD8C1F5350E7008C9B3F /* itemViewCell.swift in Sources */,
				5DE008101F4B1CE300A6E109 /* ThingsToGet.xcdatamodeld in Sources */,
				5D17C5791F4C580900E66F59 /* item.swift in Sources */,
				5DEC6BDD1F566A980062A462 /* ThirdVC.swift in Sources */,
				5DE0080A1F4B1CE300A6E109 /* MainVC.swift in Sources */,
				5D671D201F539D5400B363F1 /* SecondVC.swift in Sources */,
				5DE008081F4B1CE300A6E109 /* AppDelegate.swift in Sources */,
				5DEC6BDF1F566C480062A462 /* listItemViewCell.swift in Sources */,
			);
			runOnlyForDeploymentPostprocessing = 0;
		};
/* End PBXSourcesBuildPhase section */

/* Begin PBXVariantGroup section */
		5DE0080B1F4B1CE300A6E109 /* Main.storyboard */ = {
			isa = PBXVariantGroup;
			children = (
				5DE0080C1F4B1CE300A6E109 /* Base */,
			);
			name = Main.storyboard;
			sourceTree = "<group>";
		};
		5DE008131F4B1CE300A6E109 /* LaunchScreen.storyboard */ = {
			isa = PBXVariantGroup;
			children = (
				5DE008141F4B1CE300A6E109 /* Base */,
			);
			name = LaunchScreen.storyboard;
			sourceTree = "<group>";
		};
/* End PBXVariantGroup section */

/* Begin XCBuildConfiguration section */
		5DE008171F4B1CE300A6E109 /* Debug */ = {
			isa = XCBuildConfiguration;
			buildSettings = {
				ALWAYS_SEARCH_USER_PATHS = NO;
				CLANG_ANALYZER_NONNULL = YES;
				CLANG_ANALYZER_NUMBER_OBJECT_CONVERSION = YES_AGGRESSIVE;
				CLANG_CXX_LANGUAGE_STANDARD = "gnu++0x";
				CLANG_CXX_LIBRARY = "libc++";
				CLANG_ENABLE_MODULES = YES;
				CLANG_ENABLE_OBJC_ARC = YES;
				CLANG_WARN_BOOL_CONVERSION = YES;
				CLANG_WARN_CONSTANT_CONVERSION = YES;
				CLANG_WARN_DIRECT_OBJC_ISA_USAGE = YES_ERROR;
				CLANG_WARN_DOCUMENTATION_COMMENTS = YES;
				CLANG_WARN_EMPTY_BODY = YES;
				CLANG_WARN_ENUM_CONVERSION = YES;
				CLANG_WARN_INFINITE_RECURSION = YES;
				CLANG_WARN_INT_CONVERSION = YES;
				CLANG_WARN_OBJC_ROOT_CLASS = YES_ERROR;
				CLANG_WARN_SUSPICIOUS_MOVE = YES;
				CLANG_WARN_UNREACHABLE_CODE = YES;
				CLANG_WARN__DUPLICATE_METHOD_MATCH = YES;
				"CODE_SIGN_IDENTITY[sdk=iphoneos*]" = "iPhone Developer";
				COPY_PHASE_STRIP = NO;
				DEBUG_INFORMATION_FORMAT = dwarf;
				ENABLE_STRICT_OBJC_MSGSEND = YES;
				ENABLE_TESTABILITY = YES;
				GCC_C_LANGUAGE_STANDARD = gnu99;
				GCC_DYNAMIC_NO_PIC = NO;
				GCC_NO_COMMON_BLOCKS = YES;
				GCC_OPTIMIZATION_LEVEL = 0;
				GCC_PREPROCESSOR_DEFINITIONS = (
					"DEBUG=1",
					"$(inherited)",
				);
				GCC_WARN_64_TO_32_BIT_CONVERSION = YES;
				GCC_WARN_ABOUT_RETURN_TYPE = YES_ERROR;
				GCC_WARN_UNDECLARED_SELECTOR = YES;
				GCC_WARN_UNINITIALIZED_AUTOS = YES_AGGRESSIVE;
				GCC_WARN_UNUSED_FUNCTION = YES;
				GCC_WARN_UNUSED_VARIABLE = YES;
				IPHONEOS_DEPLOYMENT_TARGET = 10.3;
				MTL_ENABLE_DEBUG_INFO = YES;
				ONLY_ACTIVE_ARCH = YES;
				SDKROOT = iphoneos;
				SWIFT_ACTIVE_COMPILATION_CONDITIONS = DEBUG;
				SWIFT_OPTIMIZATION_LEVEL = "-Onone";
				TARGETED_DEVICE_FAMILY = "1,2";
			};
			name = Debug;
		};
		5DE008181F4B1CE300A6E109 /* Release */ = {
			isa = XCBuildConfiguration;
			buildSettings = {
				ALWAYS_SEARCH_USER_PATHS = NO;
				CLANG_ANALYZER_NONNULL = YES;
				CLANG_ANALYZER_NUMBER_OBJECT_CONVERSION = YES_AGGRESSIVE;
				CLANG_CXX_LANGUAGE_STANDARD = "gnu++0x";
				CLANG_CXX_LIBRARY = "libc++";
				CLANG_ENABLE_MODULES = YES;
				CLANG_ENABLE_OBJC_ARC = YES;
				CLANG_WARN_BOOL_CONVERSION = YES;
				CLANG_WARN_CONSTANT_CONVERSION = YES;
				CLANG_WARN_DIRECT_OBJC_ISA_USAGE = YES_ERROR;
				CLANG_WARN_DOCUMENTATION_COMMENTS = YES;
				CLANG_WARN_EMPTY_BODY = YES;
				CLANG_WARN_ENUM_CONVERSION = YES;
				CLANG_WARN_INFINITE_RECURSION = YES;
				CLANG_WARN_INT_CONVERSION = YES;
				CLANG_WARN_OBJC_ROOT_CLASS = YES_ERROR;
				CLANG_WARN_SUSPICIOUS_MOVE = YES;
				CLANG_WARN_UNREACHABLE_CODE = YES;
				CLANG_WARN__DUPLICATE_METHOD_MATCH = YES;
				"CODE_SIGN_IDENTITY[sdk=iphoneos*]" = "iPhone Developer";
				COPY_PHASE_STRIP = NO;
				DEBUG_INFORMATION_FORMAT = "dwarf-with-dsym";
				ENABLE_NS_ASSERTIONS = NO;
				ENABLE_STRICT_OBJC_MSGSEND = YES;
				GCC_C_LANGUAGE_STANDARD = gnu99;
				GCC_NO_COMMON_BLOCKS = YES;
				GCC_WARN_64_TO_32_BIT_CONVERSION = YES;
				GCC_WARN_ABOUT_RETURN_TYPE = YES_ERROR;
				GCC_WARN_UNDECLARED_SELECTOR = YES;
				GCC_WARN_UNINITIALIZED_AUTOS = YES_AGGRESSIVE;
				GCC_WARN_UNUSED_FUNCTION = YES;
				GCC_WARN_UNUSED_VARIABLE = YES;
				IPHONEOS_DEPLOYMENT_TARGET = 10.3;
				MTL_ENABLE_DEBUG_INFO = NO;
				SDKROOT = iphoneos;
				SWIFT_OPTIMIZATION_LEVEL = "-Owholemodule";
				TARGETED_DEVICE_FAMILY = "1,2";
				VALIDATE_PRODUCT = YES;
			};
			name = Release;
		};
		5DE0081A1F4B1CE300A6E109 /* Debug */ = {
			isa = XCBuildConfiguration;
			buildSettings = {
				ASSETCATALOG_COMPILER_APPICON_NAME = AppIcon;
				DEVELOPMENT_TEAM = C6REM348ZF;
				INFOPLIST_FILE = ThingsToGet/Info.plist;
				LD_RUNPATH_SEARCH_PATHS = "$(inherited) @executable_path/Frameworks";
				PRODUCT_BUNDLE_IDENTIFIER = com.smokeyGames.ThingsToGet;
				PRODUCT_NAME = "$(TARGET_NAME)";
				SWIFT_VERSION = 3.0;
			};
			name = Debug;
		};
		5DE0081B1F4B1CE300A6E109 /* Release */ = {
			isa = XCBuildConfiguration;
			buildSettings = {
				ASSETCATALOG_COMPILER_APPICON_NAME = AppIcon;
				DEVELOPMENT_TEAM = C6REM348ZF;
				INFOPLIST_FILE = ThingsToGet/Info.plist;
				LD_RUNPATH_SEARCH_PATHS = "$(inherited) @executable_path/Frameworks";
				PRODUCT_BUNDLE_IDENTIFIER = com.smokeyGames.ThingsToGet;
				PRODUCT_NAME = "$(TARGET_NAME)";
				SWIFT_VERSION = 3.0;
			};
			name = Release;
		};
/* End XCBuildConfiguration section */

/* Begin XCConfigurationList section */
		5DE007FF1F4B1CE300A6E109 /* Build configuration list for PBXProject "ThingsToGet" */ = {
			isa = XCConfigurationList;
			buildConfigurations = (
				5DE008171F4B1CE300A6E109 /* Debug */,
				5DE008181F4B1CE300A6E109 /* Release */,
			);
			defaultConfigurationIsVisible = 0;
			defaultConfigurationName = Release;
		};
		5DE008191F4B1CE300A6E109 /* Build configuration list for PBXNativeTarget "ThingsToGet" */ = {
			isa = XCConfigurationList;
			buildConfigurations = (
				5DE0081A1F4B1CE300A6E109 /* Debug */,
				5DE0081B1F4B1CE300A6E109 /* Release */,
			);
			defaultConfigurationIsVisible = 0;
			defaultConfigurationName = Release;
		};
/* End XCConfigurationList section */

/* Begin XCVersionGroup section */
		5DE0080E1F4B1CE300A6E109 /* ThingsToGet.xcdatamodeld */ = {
			isa = XCVersionGroup;
			children = (
				5DE0080F1F4B1CE300A6E109 /* ThingsToGet.xcdatamodel */,
			);
			currentVersion = 5DE0080F1F4B1CE300A6E109 /* ThingsToGet.xcdatamodel */;
			path = ThingsToGet.xcdatamodeld;
			sourceTree = "<group>";
			versionGroupType = wrapper.xcdatamodel;
		};
/* End XCVersionGroup section */
	};
	rootObject = 5DE007FC1F4B1CE300A6E109 /* Project object */;
}
